{
    "_readme": [
        "This file locks the dependencies of your project to a known state",
        "Read more about it at https://getcomposer.org/doc/01-basic-usage.md#composer-lock-the-lock-file",
        "This file is @generated automatically"
    ],
    "hash": "708e56f3d0ddc28102256d85e685b16d",
    "content-hash": "12205ccb56a765cd667592248f87589c",
    "packages": [
        {
            "name": "jdpowered/share",
            "version": "0.1.0",
            "source": {
                "type": "git",
                "url": "https://github.com/JonasDoebertin/php-share-link-generator.git",
                "reference": "5151f30f3e7c17e61861ec37e433ea374fbf756c"
            },
            "dist": {
                "type": "zip",
                "url": "https://api.github.com/repos/JonasDoebertin/php-share-link-generator/zipball/5151f30f3e7c17e61861ec37e433ea374fbf756c",
                "reference": "5151f30f3e7c17e61861ec37e433ea374fbf756c",
                "shasum": ""
            },
            "require": {
                "php": ">=5.4.0"
            },
            "type": "library",
            "autoload": {
                "psr-4": {
                    "jdpowered\\Share\\": "src/"
                }
            },
            "notification-url": "https://packagist.org/downloads/",
            "license": [
                "MIT"
            ],
            "authors": [
                {
                    "name": "Jonas Döbertin",
                    "email": "hello@jd-powered.net"
                }
            ],
            "description": "A simple share link generator",
            "keywords": [
                "facebook",
                "link",
                "share",
                "sharer",
                "twitter",
                "url"
            ],
            "time": "2015-10-09 13:30:56"
        },
        {
            "name": "mpratt/embera",
            "version": "1.8.10",
            "source": {
                "type": "git",
                "url": "https://github.com/mpratt/Embera.git",
                "reference": "4ce99a9844e1d7e87f4317e66560ff4040395b0b"
            },
            "dist": {
                "type": "zip",
                "url": "https://api.github.com/repos/mpratt/Embera/zipball/4ce99a9844e1d7e87f4317e66560ff4040395b0b",
                "reference": "4ce99a9844e1d7e87f4317e66560ff4040395b0b",
                "shasum": ""
            },
            "require": {
                "php": ">=5.3"
            },
            "type": "library",
            "autoload": {
                "psr-0": {
                    "Embera": "Lib/"
                }
            },
            "notification-url": "https://packagist.org/downloads/",
            "license": [
                "MIT"
            ],
            "authors": [
                {
                    "name": "Michael Pratt",
                    "email": "pratt@hablarmierda.net",
                    "homepage": "http://www.michael-pratt.com",
                    "role": "Author/Developer"
                }
            ],
            "description": "A Oembed consumer library, that gives you information about urls. It helps you replace urls to youtube or vimeo for example, with their html embed code.",
            "homepage": "https://github.com/mpratt/Embera",
            "keywords": [
                "Auto embed",
                "embed",
                "oembed",
                "vimeo",
                "youtube"
            ],
            "time": "2015-06-19 21:41:44"
        }
    ],
    "packages-dev": [],
    "aliases": [],
    "minimum-stability": "stable",
    "stability-flags": [],
    "prefer-stable": false,
    "prefer-lowest": false,
    "platform": [],
    "platform-dev": []
}
